
Microsoft Visual Studio Solution File, Format Version 12.00
# Visual Studio Version 15
VisualStudioVersion = 15.0.28307.757
MinimumVisualStudioVersion = 10.0.40219.1
Project("{2150E333-8FDC-42A3-9474-1A3956D46DE8}") = "nuget", "nuget", "{8D3132E8-858A-49E2-96A7-1F74FCEE2EF2}"
	ProjectSection(SolutionItems) = preProject
		nuget\AspNetDependencyInjection.nuspec = nuget\AspNetDependencyInjection.nuspec
		nuget\Build.cmd = nuget\Build.cmd
		GETTING_STARTED.md = GETTING_STARTED.md
		README.md = README.md
	EndProjectSection
EndProject
Project("{FAE04EC0-301F-11D3-BF4B-00C04F79EFBC}") = "AspNetDependencyInjection", "AspNetDependencyInjection\AspNetDependencyInjection.csproj", "{7E9E872B-41BE-4B55-9519-D2FF3F92EB4E}"
EndProject
Project("{FAE04EC0-301F-11D3-BF4B-00C04F79EFBC}") = "SampleWebApplication", "SampleWebApplication\SampleWebApplication.csproj", "{DE9B082C-C377-421F-8B06-16EDCE7B7D03}"
EndProject
Project("{FAE04EC0-301F-11D3-BF4B-00C04F79EFBC}") = "AspNetDependencyInjection.Tests", "AspNetDependencyInjection.Tests\AspNetDependencyInjection.Tests.csproj", "{7FF0B492-DEF1-4005-A899-0E82910481C4}"
EndProject
Project("{FAE04EC0-301F-11D3-BF4B-00C04F79EFBC}") = "AspNetDependencyInjection.Mvc", "AspNetDependencyInjection.Mvc\AspNetDependencyInjection.Mvc.csproj", "{1B4BE5D4-F919-44E9-B570-151EEE5698DA}"
EndProject
Project("{FAE04EC0-301F-11D3-BF4B-00C04F79EFBC}") = "SampleMvcWebApplication", "SampleMvcWebApplication\SampleMvcWebApplication.csproj", "{3EC07D8D-ABF1-4D25-9A8A-A777830A9C0D}"
EndProject
Project("{FAE04EC0-301F-11D3-BF4B-00C04F79EFBC}") = "AspNetDependencyInjection.WebApi", "AspNetDependencyInjection.WebApi\AspNetDependencyInjection.WebApi.csproj", "{4989D982-F9EC-4BC1-8288-7F25190AB725}"
EndProject
Project("{FAE04EC0-301F-11D3-BF4B-00C04F79EFBC}") = "AspNetDependencyInjection.SignalR", "AspNetDependencyInjection.SignalR\AspNetDependencyInjection.SignalR.csproj", "{7CB50365-9558-4CD9-98D1-7E33BDAAE15B}"
EndProject
Project("{FAE04EC0-301F-11D3-BF4B-00C04F79EFBC}") = "AspNetDependencyInjection.Wcf", "AspNetDependencyInjection.Wcf\AspNetDependencyInjection.Wcf.csproj", "{F1B12590-1707-4CB3-BA70-F6AE906E475D}"
EndProject
Project("{F184B08F-C81C-45F6-A57F-5ABD9991F28F}") = "SampleWebApplicationVB", "SampleWebApplicationVB\SampleWebApplicationVB.vbproj", "{18DF39D7-9C17-44F0-B7BA-621F06908778}"
EndProject
Global
	GlobalSection(SolutionConfigurationPlatforms) = preSolution
		Debug|Any CPU = Debug|Any CPU
		Release|Any CPU = Release|Any CPU
	EndGlobalSection
	GlobalSection(ProjectConfigurationPlatforms) = postSolution
		{7E9E872B-41BE-4B55-9519-D2FF3F92EB4E}.Debug|Any CPU.ActiveCfg = Debug|Any CPU
		{7E9E872B-41BE-4B55-9519-D2FF3F92EB4E}.Debug|Any CPU.Build.0 = Debug|Any CPU
		{7E9E872B-41BE-4B55-9519-D2FF3F92EB4E}.Release|Any CPU.ActiveCfg = Release|Any CPU
		{7E9E872B-41BE-4B55-9519-D2FF3F92EB4E}.Release|Any CPU.Build.0 = Release|Any CPU
		{DE9B082C-C377-421F-8B06-16EDCE7B7D03}.Debug|Any CPU.ActiveCfg = Debug|Any CPU
		{DE9B082C-C377-421F-8B06-16EDCE7B7D03}.Debug|Any CPU.Build.0 = Debug|Any CPU
		{DE9B082C-C377-421F-8B06-16EDCE7B7D03}.Release|Any CPU.ActiveCfg = Release|Any CPU
		{DE9B082C-C377-421F-8B06-16EDCE7B7D03}.Release|Any CPU.Build.0 = Release|Any CPU
		{7FF0B492-DEF1-4005-A899-0E82910481C4}.Debug|Any CPU.ActiveCfg = Debug|Any CPU
		{7FF0B492-DEF1-4005-A899-0E82910481C4}.Debug|Any CPU.Build.0 = Debug|Any CPU
		{7FF0B492-DEF1-4005-A899-0E82910481C4}.Release|Any CPU.ActiveCfg = Release|Any CPU
		{7FF0B492-DEF1-4005-A899-0E82910481C4}.Release|Any CPU.Build.0 = Release|Any CPU
		{1B4BE5D4-F919-44E9-B570-151EEE5698DA}.Debug|Any CPU.ActiveCfg = Debug|Any CPU
		{1B4BE5D4-F919-44E9-B570-151EEE5698DA}.Debug|Any CPU.Build.0 = Debug|Any CPU
		{1B4BE5D4-F919-44E9-B570-151EEE5698DA}.Release|Any CPU.ActiveCfg = Release|Any CPU
		{1B4BE5D4-F919-44E9-B570-151EEE5698DA}.Release|Any CPU.Build.0 = Release|Any CPU
		{3EC07D8D-ABF1-4D25-9A8A-A777830A9C0D}.Debug|Any CPU.ActiveCfg = Debug|Any CPU
		{3EC07D8D-ABF1-4D25-9A8A-A777830A9C0D}.Debug|Any CPU.Build.0 = Debug|Any CPU
		{3EC07D8D-ABF1-4D25-9A8A-A777830A9C0D}.Release|Any CPU.ActiveCfg = Release|Any CPU
		{3EC07D8D-ABF1-4D25-9A8A-A777830A9C0D}.Release|Any CPU.Build.0 = Release|Any CPU
		{4989D982-F9EC-4BC1-8288-7F25190AB725}.Debug|Any CPU.ActiveCfg = Debug|Any CPU
		{4989D982-F9EC-4BC1-8288-7F25190AB725}.Debug|Any CPU.Build.0 = Debug|Any CPU
		{4989D982-F9EC-4BC1-8288-7F25190AB725}.Release|Any CPU.ActiveCfg = Release|Any CPU
		{4989D982-F9EC-4BC1-8288-7F25190AB725}.Release|Any CPU.Build.0 = Release|Any CPU
		{7CB50365-9558-4CD9-98D1-7E33BDAAE15B}.Debug|Any CPU.ActiveCfg = Debug|Any CPU
		{7CB50365-9558-4CD9-98D1-7E33BDAAE15B}.Debug|Any CPU.Build.0 = Debug|Any CPU
		{7CB50365-9558-4CD9-98D1-7E33BDAAE15B}.Release|Any CPU.ActiveCfg = Release|Any CPU
		{7CB50365-9558-4CD9-98D1-7E33BDAAE15B}.Release|Any CPU.Build.0 = Release|Any CPU
		{F1B12590-1707-4CB3-BA70-F6AE906E475D}.Debug|Any CPU.ActiveCfg = Debug|Any CPU
		{F1B12590-1707-4CB3-BA70-F6AE906E475D}.Debug|Any CPU.Build.0 = Debug|Any CPU
		{F1B12590-1707-4CB3-BA70-F6AE906E475D}.Release|Any CPU.ActiveCfg = Release|Any CPU
		{F1B12590-1707-4CB3-BA70-F6AE906E475D}.Release|Any CPU.Build.0 = Release|Any CPU
		{18DF39D7-9C17-44F0-B7BA-621F06908778}.Debug|Any CPU.ActiveCfg = Debug|Any CPU
		{18DF39D7-9C17-44F0-B7BA-621F06908778}.Debug|Any CPU.Build.0 = Debug|Any CPU
		{18DF39D7-9C17-44F0-B7BA-621F06908778}.Release|Any CPU.ActiveCfg = Release|Any CPU
		{18DF39D7-9C17-44F0-B7BA-621F06908778}.Release|Any CPU.Build.0 = Release|Any CPU
	EndGlobalSection
	GlobalSection(SolutionProperties) = preSolution
		HideSolutionNode = FALSE
	EndGlobalSection
	GlobalSection(ExtensibilityGlobals) = postSolution
		SolutionGuid = {97C9B0E1-1AEE-40E1-B4B2-EFFDF47EED74}
	EndGlobalSection
EndGlobal
