
Microsoft Visual Studio Solution File, Format Version 12.00
# Visual Studio 15
VisualStudioVersion = 15.0.28307.757
MinimumVisualStudioVersion = 10.0.40219.1
Project("{2150E333-8FDC-42A3-9474-1A3956D46DE8}") = "nuget", "nuget", "{8D3132E8-858A-49E2-96A7-1F74FCEE2EF2}"
	ProjectSection(SolutionItems) = preProject
		nuget\AspNetDependencyInjection.nuspec = nuget\AspNetDependencyInjection.nuspec
		nuget\Build.cmd = nuget\Build.cmd
		GETTING_STARTED.md = GETTING_STARTED.md
		README.md = README.md
	EndProjectSection
EndProject
Project("{FAE04EC0-301F-11D3-BF4B-00C04F79EFBC}") = "AspNetDependencyInjection", "AspNetDependencyInjection\AspNetDependencyInjection.csproj", "{7E9E872B-41BE-4B55-9519-D2FF3F92EB4E}"
EndProject
Project("{FAE04EC0-301F-11D3-BF4B-00C04F79EFBC}") = "SampleWebApplication", "SampleWebApplication\SampleWebApplication.csproj", "{DE9B082C-C377-421F-8B06-16EDCE7B7D03}"
EndProject
Project("{FAE04EC0-301F-11D3-BF4B-00C04F79EFBC}") = "AspNetDependencyInjection.Tests", "AspNetDependencyInjection.Tests\AspNetDependencyInjection.Tests.csproj", "{7FF0B492-DEF1-4005-A899-0E82910481C4}"
EndProject
Global
	GlobalSection(SolutionConfigurationPlatforms) = preSolution
		Debug|Any CPU = Debug|Any CPU
		Release|Any CPU = Release|Any CPU
	EndGlobalSection
	GlobalSection(ProjectConfigurationPlatforms) = postSolution
		{7E9E872B-41BE-4B55-9519-D2FF3F92EB4E}.Debug|Any CPU.ActiveCfg = Debug|Any CPU
		{7E9E872B-41BE-4B55-9519-D2FF3F92EB4E}.Debug|Any CPU.Build.0 = Debug|Any CPU
		{7E9E872B-41BE-4B55-9519-D2FF3F92EB4E}.Release|Any CPU.ActiveCfg = Release|Any CPU
		{7E9E872B-41BE-4B55-9519-D2FF3F92EB4E}.Release|Any CPU.Build.0 = Release|Any CPU
		{DE9B082C-C377-421F-8B06-16EDCE7B7D03}.Debug|Any CPU.ActiveCfg = Debug|Any CPU
		{DE9B082C-C377-421F-8B06-16EDCE7B7D03}.Debug|Any CPU.Build.0 = Debug|Any CPU
		{DE9B082C-C377-421F-8B06-16EDCE7B7D03}.Release|Any CPU.ActiveCfg = Release|Any CPU
		{DE9B082C-C377-421F-8B06-16EDCE7B7D03}.Release|Any CPU.Build.0 = Release|Any CPU
		{7FF0B492-DEF1-4005-A899-0E82910481C4}.Debug|Any CPU.ActiveCfg = Debug|Any CPU
		{7FF0B492-DEF1-4005-A899-0E82910481C4}.Debug|Any CPU.Build.0 = Debug|Any CPU
		{7FF0B492-DEF1-4005-A899-0E82910481C4}.Release|Any CPU.ActiveCfg = Release|Any CPU
		{7FF0B492-DEF1-4005-A899-0E82910481C4}.Release|Any CPU.Build.0 = Release|Any CPU
	EndGlobalSection
	GlobalSection(SolutionProperties) = preSolution
		HideSolutionNode = FALSE
	EndGlobalSection
	GlobalSection(ExtensibilityGlobals) = postSolution
		SolutionGuid = {97C9B0E1-1AEE-40E1-B4B2-EFFDF47EED74}
	EndGlobalSection
EndGlobal
